{
  "version": "5",
  "specifiers": {
    "jsr:@velotype/velotype@*": "0.0.17"
  },
  "jsr": {
    "@std/testing@1.0.15": {
      "integrity": "a490169f5ccb0f3ae9c94fbc69d2cd43603f2cffb41713a85f99bbb0e3087cbc"
    },
    "@velotype/velotype@0.0.17": {
      "integrity": "799f2b49e2f1802a4fa540d7ca2da9693a9593aee2596249fce3610ecd8dae2d"
    }
  },
  "workspace": {
    "dependencies": [
      "jsr:@std/testing@^1.0.16"
    ]
  }
}
